{
  "version": "2",
  "remote": {
    "https://deno.land/std@0.118.0/_util/assert.ts": "2f868145a042a11d5ad0a3c748dcf580add8a0dbc0e876eaa0026303a5488f58",
    "https://deno.land/std@0.118.0/_util/os.ts": "dfb186cc4e968c770ab6cc3288bd65f4871be03b93beecae57d657232ecffcac",
    "https://deno.land/std@0.118.0/path/_constants.ts": "1247fee4a79b70c89f23499691ef169b41b6ccf01887a0abd131009c5581b853",
    "https://deno.land/std@0.118.0/path/_interface.ts": "1fa73b02aaa24867e481a48492b44f2598cd9dfa513c7b34001437007d3642e4",
    "https://deno.land/std@0.118.0/path/_util.ts": "2e06a3b9e79beaf62687196bd4b60a4c391d862cfa007a20fc3a39f778ba073b",
    "https://deno.land/std@0.118.0/path/common.ts": "f41a38a0719a1e85aa11c6ba3bea5e37c15dd009d705bd8873f94c833568cbc4",
    "https://deno.land/std@0.118.0/path/glob.ts": "ea87985765b977cc284b92771003b2070c440e0807c90e1eb0ff3e095911a820",
    "https://deno.land/std@0.118.0/path/mod.ts": "4465dc494f271b02569edbb4a18d727063b5dbd6ed84283ff906260970a15d12",
    "https://deno.land/std@0.118.0/path/posix.ts": "34349174b9cd121625a2810837a82dd8b986bbaaad5ade690d1de75bbb4555b2",
    "https://deno.land/std@0.118.0/path/separator.ts": "8fdcf289b1b76fd726a508f57d3370ca029ae6976fcde5044007f062e643ff1c",
    "https://deno.land/std@0.118.0/path/win32.ts": "11549e8c6df8307a8efcfa47ad7b2a75da743eac7d4c89c9723a944661c8bd2e",
    "https://deno.land/x/media_types@v2.11.1/db.ts": "1eac2b1b57195e41d7e40d7b236a3adeb93b4fa18084b4c9db49144fe685c78d",
    "https://deno.land/x/media_types@v2.11.1/mod.ts": "1be09ec3626332f9fe52a8a9ede852bb76d2207f84bec1f1b16c10555478008f",
    "https://deno.land/x/nhttp@1.1.18/mod.ts": "b897e030577d608e1cbedd74944eeed39bbcd6089c09c9315c45aee2b9879523",
    "https://deno.land/x/nhttp@1.1.18/src/body.ts": "e79645f84c8f3bd3a74b9515de460a877fced00cd98496a2292dde887b84dad4",
    "https://deno.land/x/nhttp@1.1.18/src/constant.ts": "f2a510813e3c4810d2352e57bccbc448bf34407169208b08bfcbb7f2ab45e95c",
    "https://deno.land/x/nhttp@1.1.18/src/error.ts": "79053f19537ccc39713e62fda47c5cba7a2d25668e08b64a2e8741a3af465e09",
    "https://deno.land/x/nhttp@1.1.18/src/http_response.ts": "70e21c7e5784ba1b4e284438c6bd3e6e1d44ace4e3adc5420031e3cb2e4a69fc",
    "https://deno.land/x/nhttp@1.1.18/src/index.ts": "12590783583eea4df33ec0d6d2cc9ea2bc1dbf5762e35851ca7fc318b51b34fb",
    "https://deno.land/x/nhttp@1.1.18/src/multipart.ts": "283b03a3b9639f7ee6be013f0086c4052fd9d8c9fc181ea320f0213d3d1effdb",
    "https://deno.land/x/nhttp@1.1.18/src/multipart_parser.ts": "32eabf0240b1d77342808407efcbfbe03e2677ec7637cb14569f8fa4a1de0324",
    "https://deno.land/x/nhttp@1.1.18/src/nhttp.ts": "179deac9591321b165898993db37bbe7557379a705d5284606a7e9cfa40a9f10",
    "https://deno.land/x/nhttp@1.1.18/src/request_event.ts": "b8268d826857661c949b47bab8e3d3479630aabaadb9221789c701146b0ecd4c",
    "https://deno.land/x/nhttp@1.1.18/src/router.ts": "9905917bd46f025c04c67bb4d1c479f26054da933d31cc18e87d0f4a9aee928d",
    "https://deno.land/x/nhttp@1.1.18/src/symbol.ts": "c0a0135deb78115242e77c79beab4f4d60e8d7987c6fe5f7cd95f80c25ea6714",
    "https://deno.land/x/nhttp@1.1.18/src/types.ts": "426e95281deee8c5cd08cf6eae3dc9162f923acb8dfe1353f09c7461a8e99ace",
    "https://deno.land/x/nhttp@1.1.18/src/utils.ts": "e29492fe343c8e8ed6c564592d552d06fc265439bdf1affbaeaa8214e18754fe",
    "https://deno.land/x/nhttp@1.1.7/mod.ts": "dd12813b34467770fbd1dab00938712d6ebd4999c8bc261b3c2dec34ded8edde",
    "https://deno.land/x/nhttp@1.1.7/src/body.ts": "ce1ea19961e7903315ceb548ba135bca8d13c74819c4e48380ce83fc7fe4c63c",
    "https://deno.land/x/nhttp@1.1.7/src/error.ts": "04ff37a71a2d3bac8bfdd53c55cea2fd32e98f32bcb934702d0f6addcfab8fd7",
    "https://deno.land/x/nhttp@1.1.7/src/http_response.ts": "655a65575914ef97171d9e3377a41cee7838a4ac6377762aee389ea8e675de23",
    "https://deno.land/x/nhttp@1.1.7/src/nhttp.ts": "08e12e69e15357c408f25a0607853eb5795271a88549f268fa427438f84cf703",
    "https://deno.land/x/nhttp@1.1.7/src/request_event.ts": "b20b1c2e9fde0ade7c9d6f59b9ac549e4d72bf45fd598a83670b2595a21a74d7",
    "https://deno.land/x/nhttp@1.1.7/src/router.ts": "10e4494ff897675180f972b7fef8fd7b252265f5a0760ca05bbcab3d544b9437",
    "https://deno.land/x/nhttp@1.1.7/src/types.ts": "4edae9c5a5f6053f77c5dcfcaf578547e0885a0137302182ddd92cf89c8389cf",
    "https://deno.land/x/nhttp@1.1.7/src/utils.ts": "69e7023d9f097d0734c0d3e4a50d36d45ae0f55dac06e2626158cc252222eb2f",
    "https://deno.land/x/nhttp@1.1.9/mod.ts": "dd12813b34467770fbd1dab00938712d6ebd4999c8bc261b3c2dec34ded8edde",
    "https://deno.land/x/nhttp@1.1.9/src/body.ts": "ce1ea19961e7903315ceb548ba135bca8d13c74819c4e48380ce83fc7fe4c63c",
    "https://deno.land/x/nhttp@1.1.9/src/error.ts": "92cf874096d2a37fffbf79e9c32d7c7f93a31f0bb109a0f4a73d8987c214200f",
    "https://deno.land/x/nhttp@1.1.9/src/http_response.ts": "fed71df036cb1546ffaa660e7b4b380d69e7b70a7630dfc97731d0ba7f82801b",
    "https://deno.land/x/nhttp@1.1.9/src/nhttp.ts": "0fcb14a24c5e8f58c8717fe639d542d6d5ff8bffd09ade1accbfcb22ae719c7e",
    "https://deno.land/x/nhttp@1.1.9/src/request_event.ts": "99d05830346359a184ee35c60a09e420d7ab26ccf1260bd74fd5fa2d61133eb3",
    "https://deno.land/x/nhttp@1.1.9/src/router.ts": "10e4494ff897675180f972b7fef8fd7b252265f5a0760ca05bbcab3d544b9437",
    "https://deno.land/x/nhttp@1.1.9/src/types.ts": "66e76190879976eb8e5d94f840060219494f573be06a58ff3d1bcb69d9075b2c",
    "https://deno.land/x/nhttp@1.1.9/src/utils.ts": "513aa0ef1c9b28443e97c224e8475b181781353d8b66359ca37a4e1463f90eab",
    "https://deno.land/x/nhttp@1.2.11/mod.ts": "d0ae92ddd1c18486873544a91ec3bffb8f44d94167bc86a847b3aa19de46d7ad",
    "https://deno.land/x/nhttp@1.2.11/src/body.ts": "6557feda72a99b104394761675e95c136a5ec1f5548775c9da4c0d490e20269e",
    "https://deno.land/x/nhttp@1.2.11/src/constant.ts": "85ab483c8d9655741d6bc4ec1646693b46424d0ebe9303bb1cc56f04f4ea9670",
    "https://deno.land/x/nhttp@1.2.11/src/cookie.ts": "e189d64f76b8e6ce43f496ee64648e8bd6a512206655257ef34414e27b3ca364",
    "https://deno.land/x/nhttp@1.2.11/src/error.ts": "79053f19537ccc39713e62fda47c5cba7a2d25668e08b64a2e8741a3af465e09",
    "https://deno.land/x/nhttp@1.2.11/src/http_response.ts": "e066d0ee2c7d1a2c034de4a41e50018e0b61abe7f4177ea75e79f0220dd857e3",
    "https://deno.land/x/nhttp@1.2.11/src/index.ts": "12590783583eea4df33ec0d6d2cc9ea2bc1dbf5762e35851ca7fc318b51b34fb",
    "https://deno.land/x/nhttp@1.2.11/src/inspect.ts": "792a3c9e061add047613fd9df36c07e1b32e998890316a7a3a6f5ee010d049d6",
    "https://deno.land/x/nhttp@1.2.11/src/multipart.ts": "33a584d1e84e01cbba1af28c80a015bc2317e6bdc7e80dc648debb7c518a4bc2",
    "https://deno.land/x/nhttp@1.2.11/src/nhttp.ts": "16e123f5ba3d1f8fb3fa18261c2fd6715682f4adee6e06117d848772366f45db",
    "https://deno.land/x/nhttp@1.2.11/src/request_event.ts": "898d6d5bd0cc96cdcffcf4dd254752e68d5f903e05c0b8aca0fbc6eee7f39e0e",
    "https://deno.land/x/nhttp@1.2.11/src/router.ts": "71513487d9eb6cdc798b716cd8f87c4cd4f373ed29932a9b2865f314c9edb671",
    "https://deno.land/x/nhttp@1.2.11/src/symbol.ts": "4626364c24f98d02595645aecf057bb5f800dc22e0d1030eaea42bc992d7c318",
    "https://deno.land/x/nhttp@1.2.11/src/types.ts": "03b88db8d5eb25c185952016e863ba340dcdb7f687271f807dda64bc074448a0",
    "https://deno.land/x/nhttp@1.2.11/src/utils.ts": "67517b23a3e20bc78b485c18c677b739a5e87110928afc132e30d5b547c0c163",
    "https://deno.land/x/nhttp_controller@0.7.0/mod.ts": "41fb4351fa9d51bb72ed2376f8ef4d1523ed8c5574f3ec13a1d06a9f1d328ea4"
  }
}
